// !$*UTF8*$!
{
	archiveVersion = 1;
	classes = {
	};
	objectVersion = 46;
	objects = {

/* Begin PBXBuildFile section */
		55CDD7BD1EA5CA6700AABA86 /* main.m in Sources */ = {isa = PBXBuildFile; fileRef = 55CDD7BC1EA5CA6700AABA86 /* main.m */; };
		55CDD7C01EA5CA6700AABA86 /* AppDelegate.m in Sources */ = {isa = PBXBuildFile; fileRef = 55CDD7BF1EA5CA6700AABA86 /* AppDelegate.m */; };
		55CDD7C31EA5CA6700AABA86 /* ViewController.m in Sources */ = {isa = PBXBuildFile; fileRef = 55CDD7C21EA5CA6700AABA86 /* ViewController.m */; };
		55CDD7C61EA5CA6700AABA86 /* Main.storyboard in Resources */ = {isa = PBXBuildFile; fileRef = 55CDD7C41EA5CA6700AABA86 /* Main.storyboard */; };
		55CDD7C81EA5CA6700AABA86 /* Assets.xcassets in Resources */ = {isa = PBXBuildFile; fileRef = 55CDD7C71EA5CA6700AABA86 /* Assets.xcassets */; };
		55CDD7CB1EA5CA6700AABA86 /* LaunchScreen.storyboard in Resources */ = {isa = PBXBuildFile; fileRef = 55CDD7C91EA5CA6700AABA86 /* LaunchScreen.storyboard */; };
		55CDD7D61EA5CA6800AABA86 /* ZK_OC_ToolsTests.m in Sources */ = {isa = PBXBuildFile; fileRef = 55CDD7D51EA5CA6800AABA86 /* ZK_OC_ToolsTests.m */; };
		55CDD7E11EA5CA6800AABA86 /* ZK_OC_ToolsUITests.m in Sources */ = {isa = PBXBuildFile; fileRef = 55CDD7E01EA5CA6800AABA86 /* ZK_OC_ToolsUITests.m */; };
		7D130E0FA9EDF590D50ABD06 /* libPods-ZK_OC_Tools.a in Frameworks */ = {isa = PBXBuildFile; fileRef = 56DEF3082EC44586ED7A786A /* libPods-ZK_OC_Tools.a */; };
/* End PBXBuildFile section */

/* Begin PBXContainerItemProxy section */
		55CDD7D21EA5CA6800AABA86 /* PBXContainerItemProxy */ = {
			isa = PBXContainerItemProxy;
			containerPortal = 55CDD7B01EA5CA6700AABA86 /* Project object */;
			proxyType = 1;
			remoteGlobalIDString = 55CDD7B71EA5CA6700AABA86;
			remoteInfo = ZK_OC_Tools;
		};
		55CDD7DD1EA5CA6800AABA86 /* PBXContainerItemProxy */ = {
			isa = PBXContainerItemProxy;
			containerPortal = 55CDD7B01EA5CA6700AABA86 /* Project object */;
			proxyType = 1;
			remoteGlobalIDString = 55CDD7B71EA5CA6700AABA86;
			remoteInfo = ZK_OC_Tools;
		};
/* End PBXContainerItemProxy section */

/* Begin PBXFileReference section */
		1BE134E27F3273A11B9FA516 /* Pods-ZK_OC_Tools.debug.xcconfig */ = {isa = PBXFileReference; includeInIndex = 1; lastKnownFileType = text.xcconfig; name = "Pods-ZK_OC_Tools.debug.xcconfig"; path = "Pods/Target Support Files/Pods-ZK_OC_Tools/Pods-ZK_OC_Tools.debug.xcconfig"; sourceTree = "<group>"; };
		3CCBAC6DF713D16604905E3F /* Pods-ZK_OC_Tools.release.xcconfig */ = {isa = PBXFileReference; includeInIndex = 1; lastKnownFileType = text.xcconfig; name = "Pods-ZK_OC_Tools.release.xcconfig"; path = "Pods/Target Support Files/Pods-ZK_OC_Tools/Pods-ZK_OC_Tools.release.xcconfig"; sourceTree = "<group>"; };
		55CDD7B81EA5CA6700AABA86 /* ZK_OC_Tools.app */ = {isa = PBXFileReference; explicitFileType = wrapper.application; includeInIndex = 0; path = ZK_OC_Tools.app; sourceTree = BUILT_PRODUCTS_DIR; };
		55CDD7BC1EA5CA6700AABA86 /* main.m */ = {isa = PBXFileReference; lastKnownFileType = sourcecode.c.objc; path = main.m; sourceTree = "<group>"; };
		55CDD7BE1EA5CA6700AABA86 /* AppDelegate.h */ = {isa = PBXFileReference; lastKnownFileType = sourcecode.c.h; path = AppDelegate.h; sourceTree = "<group>"; };
		55CDD7BF1EA5CA6700AABA86 /* AppDelegate.m */ = {isa = PBXFileReference; lastKnownFileType = sourcecode.c.objc; path = AppDelegate.m; sourceTree = "<group>"; };
		55CDD7C11EA5CA6700AABA86 /* ViewController.h */ = {isa = PBXFileReference; lastKnownFileType = sourcecode.c.h; path = ViewController.h; sourceTree = "<group>"; };
		55CDD7C21EA5CA6700AABA86 /* ViewController.m */ = {isa = PBXFileReference; lastKnownFileType = sourcecode.c.objc; path = ViewController.m; sourceTree = "<group>"; };
		55CDD7C51EA5CA6700AABA86 /* Base */ = {isa = PBXFileReference; lastKnownFileType = file.storyboard; name = Base; path = Base.lproj/Main.storyboard; sourceTree = "<group>"; };
		55CDD7C71EA5CA6700AABA86 /* Assets.xcassets */ = {isa = PBXFileReference; lastKnownFileType = folder.assetcatalog; path = Assets.xcassets; sourceTree = "<group>"; };
		55CDD7CA1EA5CA6700AABA86 /* Base */ = {isa = PBXFileReference; lastKnownFileType = file.storyboard; name = Base; path = Base.lproj/LaunchScreen.storyboard; sourceTree = "<group>"; };
		55CDD7CC1EA5CA6700AABA86 /* Info.plist */ = {isa = PBXFileReference; lastKnownFileType = text.plist.xml; path = Info.plist; sourceTree = "<group>"; };
		55CDD7D11EA5CA6800AABA86 /* ZK_OC_ToolsTests.xctest */ = {isa = PBXFileReference; explicitFileType = wrapper.cfbundle; includeInIndex = 0; path = ZK_OC_ToolsTests.xctest; sourceTree = BUILT_PRODUCTS_DIR; };
		55CDD7D51EA5CA6800AABA86 /* ZK_OC_ToolsTests.m */ = {isa = PBXFileReference; lastKnownFileType = sourcecode.c.objc; path = ZK_OC_ToolsTests.m; sourceTree = "<group>"; };
		55CDD7D71EA5CA6800AABA86 /* Info.plist */ = {isa = PBXFileReference; lastKnownFileType = text.plist.xml; path = Info.plist; sourceTree = "<group>"; };
		55CDD7DC1EA5CA6800AABA86 /* ZK_OC_ToolsUITests.xctest */ = {isa = PBXFileReference; explicitFileType = wrapper.cfbundle; includeInIndex = 0; path = ZK_OC_ToolsUITests.xctest; sourceTree = BUILT_PRODUCTS_DIR; };
		55CDD7E01EA5CA6800AABA86 /* ZK_OC_ToolsUITests.m */ = {isa = PBXFileReference; lastKnownFileType = sourcecode.c.objc; path = ZK_OC_ToolsUITests.m; sourceTree = "<group>"; };
		55CDD7E21EA5CA6800AABA86 /* Info.plist */ = {isa = PBXFileReference; lastKnownFileType = text.plist.xml; path = Info.plist; sourceTree = "<group>"; };
		56DEF3082EC44586ED7A786A /* libPods-ZK_OC_Tools.a */ = {isa = PBXFileReference; explicitFileType = archive.ar; includeInIndex = 0; path = "libPods-ZK_OC_Tools.a"; sourceTree = BUILT_PRODUCTS_DIR; };
/* End PBXFileReference section */

/* Begin PBXFrameworksBuildPhase section */
		55CDD7B51EA5CA6700AABA86 /* Frameworks */ = {
			isa = PBXFrameworksBuildPhase;
			buildActionMask = 2147483647;
			files = (
				7D130E0FA9EDF590D50ABD06 /* libPods-ZK_OC_Tools.a in Frameworks */,
			);
			runOnlyForDeploymentPostprocessing = 0;
		};
		55CDD7CE1EA5CA6800AABA86 /* Frameworks */ = {
			isa = PBXFrameworksBuildPhase;
			buildActionMask = 2147483647;
			files = (
			);
			runOnlyForDeploymentPostprocessing = 0;
		};
		55CDD7D91EA5CA6800AABA86 /* Frameworks */ = {
			isa = PBXFrameworksBuildPhase;
			buildActionMask = 2147483647;
			files = (
			);
			runOnlyForDeploymentPostprocessing = 0;
		};
/* End PBXFrameworksBuildPhase section */

/* Begin PBXGroup section */
		420BF2C608B7CC44160D6D2A /* Frameworks */ = {
			isa = PBXGroup;
			children = (
				56DEF3082EC44586ED7A786A /* libPods-ZK_OC_Tools.a */,
			);
			name = Frameworks;
			sourceTree = "<group>";
		};
		5579219621E8D16000952A8E /* Tools */ = {
			isa = PBXGroup;
			children = (
			);
			name = Tools;
			sourceTree = "<group>";
		};
		5579219721E8D16900952A8E /* Category */ = {
			isa = PBXGroup;
			children = (
			);
			name = Category;
			sourceTree = "<group>";
		};
		5579219821E8D17B00952A8E /* Base */ = {
			isa = PBXGroup;
			children = (
			);
			name = Base;
			sourceTree = "<group>";
		};
		55CDD7AF1EA5CA6700AABA86 = {
			isa = PBXGroup;
			children = (
				55CDD7BA1EA5CA6700AABA86 /* ZK_OC_Tools */,
				55CDD7D41EA5CA6800AABA86 /* ZK_OC_ToolsTests */,
				55CDD7DF1EA5CA6800AABA86 /* ZK_OC_ToolsUITests */,
				55CDD7B91EA5CA6700AABA86 /* Products */,
				9F50E13C0C69431F4248D0CC /* Pods */,
				420BF2C608B7CC44160D6D2A /* Frameworks */,
			);
			sourceTree = "<group>";
		};
		55CDD7B91EA5CA6700AABA86 /* Products */ = {
			isa = PBXGroup;
			children = (
				55CDD7B81EA5CA6700AABA86 /* ZK_OC_Tools.app */,
				55CDD7D11EA5CA6800AABA86 /* ZK_OC_ToolsTests.xctest */,
				55CDD7DC1EA5CA6800AABA86 /* ZK_OC_ToolsUITests.xctest */,
			);
			name = Products;
			sourceTree = "<group>";
		};
		55CDD7BA1EA5CA6700AABA86 /* ZK_OC_Tools */ = {
			isa = PBXGroup;
			children = (
				5579219821E8D17B00952A8E /* Base */,
				5579219721E8D16900952A8E /* Category */,
				5579219621E8D16000952A8E /* Tools */,
				55CDD7BE1EA5CA6700AABA86 /* AppDelegate.h */,
				55CDD7BF1EA5CA6700AABA86 /* AppDelegate.m */,
				55CDD7C11EA5CA6700AABA86 /* ViewController.h */,
				55CDD7C21EA5CA6700AABA86 /* ViewController.m */,
				55CDD7C41EA5CA6700AABA86 /* Main.storyboard */,
				55CDD7C71EA5CA6700AABA86 /* Assets.xcassets */,
				55CDD7C91EA5CA6700AABA86 /* LaunchScreen.storyboard */,
				55CDD7CC1EA5CA6700AABA86 /* Info.plist */,
				55CDD7BB1EA5CA6700AABA86 /* Supporting Files */,
			);
			path = ZK_OC_Tools;
			sourceTree = "<group>";
		};
		55CDD7BB1EA5CA6700AABA86 /* Supporting Files */ = {
			isa = PBXGroup;
			children = (
				55CDD7BC1EA5CA6700AABA86 /* main.m */,
			);
			name = "Supporting Files";
			sourceTree = "<group>";
		};
		55CDD7D41EA5CA6800AABA86 /* ZK_OC_ToolsTests */ = {
			isa = PBXGroup;
			children = (
				55CDD7D51EA5CA6800AABA86 /* ZK_OC_ToolsTests.m */,
				55CDD7D71EA5CA6800AABA86 /* Info.plist */,
			);
			path = ZK_OC_ToolsTests;
			sourceTree = "<group>";
		};
		55CDD7DF1EA5CA6800AABA86 /* ZK_OC_ToolsUITests */ = {
			isa = PBXGroup;
			children = (
				55CDD7E01EA5CA6800AABA86 /* ZK_OC_ToolsUITests.m */,
				55CDD7E21EA5CA6800AABA86 /* Info.plist */,
			);
			path = ZK_OC_ToolsUITests;
			sourceTree = "<group>";
		};
		9F50E13C0C69431F4248D0CC /* Pods */ = {
			isa = PBXGroup;
			children = (
				1BE134E27F3273A11B9FA516 /* Pods-ZK_OC_Tools.debug.xcconfig */,
				3CCBAC6DF713D16604905E3F /* Pods-ZK_OC_Tools.release.xcconfig */,
			);
			name = Pods;
			sourceTree = "<group>";
		};
/* End PBXGroup section */

/* Begin PBXNativeTarget section */
		55CDD7B71EA5CA6700AABA86 /* ZK_OC_Tools */ = {
			isa = PBXNativeTarget;
			buildConfigurationList = 55CDD7E51EA5CA6800AABA86 /* Build configuration list for PBXNativeTarget "ZK_OC_Tools" */;
			buildPhases = (
				5212E9BDD12ACBA48B30A533 /* [CP] Check Pods Manifest.lock */,
				55CDD7B41EA5CA6700AABA86 /* Sources */,
				55CDD7B51EA5CA6700AABA86 /* Frameworks */,
				55CDD7B61EA5CA6700AABA86 /* Resources */,
				4CDAAA39181E4C268631A634 /* [CP] Copy Pods Resources */,
			);
			buildRules = (
			);
			dependencies = (
			);
			name = ZK_OC_Tools;
			productName = ZK_OC_Tools;
			productReference = 55CDD7B81EA5CA6700AABA86 /* ZK_OC_Tools.app */;
			productType = "com.apple.product-type.application";
		};
		55CDD7D01EA5CA6800AABA86 /* ZK_OC_ToolsTests */ = {
			isa = PBXNativeTarget;
			buildConfigurationList = 55CDD7E81EA5CA6800AABA86 /* Build configuration list for PBXNativeTarget "ZK_OC_ToolsTests" */;
			buildPhases = (
				55CDD7CD1EA5CA6800AABA86 /* Sources */,
				55CDD7CE1EA5CA6800AABA86 /* Frameworks */,
				55CDD7CF1EA5CA6800AABA86 /* Resources */,
			);
			buildRules = (
			);
			dependencies = (
				55CDD7D31EA5CA6800AABA86 /* PBXTargetDependency */,
			);
			name = ZK_OC_ToolsTests;
			productName = ZK_OC_ToolsTests;
			productReference = 55CDD7D11EA5CA6800AABA86 /* ZK_OC_ToolsTests.xctest */;
			productType = "com.apple.product-type.bundle.unit-test";
		};
		55CDD7DB1EA5CA6800AABA86 /* ZK_OC_ToolsUITests */ = {
			isa = PBXNativeTarget;
			buildConfigurationList = 55CDD7EB1EA5CA6800AABA86 /* Build configuration list for PBXNativeTarget "ZK_OC_ToolsUITests" */;
			buildPhases = (
				55CDD7D81EA5CA6800AABA86 /* Sources */,
				55CDD7D91EA5CA6800AABA86 /* Frameworks */,
				55CDD7DA1EA5CA6800AABA86 /* Resources */,
			);
			buildRules = (
			);
			dependencies = (
				55CDD7DE1EA5CA6800AABA86 /* PBXTargetDependency */,
			);
			name = ZK_OC_ToolsUITests;
			productName = ZK_OC_ToolsUITests;
			productReference = 55CDD7DC1EA5CA6800AABA86 /* ZK_OC_ToolsUITests.xctest */;
			productType = "com.apple.product-type.bundle.ui-testing";
		};
/* End PBXNativeTarget section */

/* Begin PBXProject section */
		55CDD7B01EA5CA6700AABA86 /* Project object */ = {
			isa = PBXProject;
			attributes = {
				LastUpgradeCheck = 0830;
				ORGANIZATIONNAME = Practice;
				TargetAttributes = {
					55CDD7B71EA5CA6700AABA86 = {
						CreatedOnToolsVersion = 8.3.1;
						DevelopmentTeam = A64T8MWKMY;
						ProvisioningStyle = Automatic;
					};
					55CDD7D01EA5CA6800AABA86 = {
						CreatedOnToolsVersion = 8.3.1;
						ProvisioningStyle = Automatic;
						TestTargetID = 55CDD7B71EA5CA6700AABA86;
					};
					55CDD7DB1EA5CA6800AABA86 = {
						CreatedOnToolsVersion = 8.3.1;
						ProvisioningStyle = Automatic;
						TestTargetID = 55CDD7B71EA5CA6700AABA86;
					};
				};
			};
			buildConfigurationList = 55CDD7B31EA5CA6700AABA86 /* Build configuration list for PBXProject "ZK_OC_Tools" */;
			compatibilityVersion = "Xcode 3.2";
			developmentRegion = English;
			hasScannedForEncodings = 0;
			knownRegions = (
				en,
				Base,
			);
			mainGroup = 55CDD7AF1EA5CA6700AABA86;
			productRefGroup = 55CDD7B91EA5CA6700AABA86 /* Products */;
			projectDirPath = "";
			projectRoot = "";
			targets = (
				55CDD7B71EA5CA6700AABA86 /* ZK_OC_Tools */,
				55CDD7D01EA5CA6800AABA86 /* ZK_OC_ToolsTests */,
				55CDD7DB1EA5CA6800AABA86 /* ZK_OC_ToolsUITests */,
			);
		};
/* End PBXProject section */

/* Begin PBXResourcesBuildPhase section */
		55CDD7B61EA5CA6700AABA86 /* Resources */ = {
			isa = PBXResourcesBuildPhase;
			buildActionMask = 2147483647;
			files = (
				55CDD7CB1EA5CA6700AABA86 /* LaunchScreen.storyboard in Resources */,
				55CDD7C81EA5CA6700AABA86 /* Assets.xcassets in Resources */,
				55CDD7C61EA5CA6700AABA86 /* Main.storyboard in Resources */,
			);
			runOnlyForDeploymentPostprocessing = 0;
		};
		55CDD7CF1EA5CA6800AABA86 /* Resources */ = {
			isa = PBXResourcesBuildPhase;
			buildActionMask = 2147483647;
			files = (
			);
			runOnlyForDeploymentPostprocessing = 0;
		};
		55CDD7DA1EA5CA6800AABA86 /* Resources */ = {
			isa = PBXResourcesBuildPhase;
			buildActionMask = 2147483647;
			files = (
			);
			runOnlyForDeploymentPostprocessing = 0;
		};
/* End PBXResourcesBuildPhase section */

/* Begin PBXShellScriptBuildPhase section */
		4CDAAA39181E4C268631A634 /* [CP] Copy Pods Resources */ = {
			isa = PBXShellScriptBuildPhase;
			buildActionMask = 2147483647;
			files = (
			);
			inputFileListPaths = (
			);
			inputPaths = (
				"${SRCROOT}/Pods/Target Support Files/Pods-ZK_OC_Tools/Pods-ZK_OC_Tools-resources.sh",
				"${PODS_ROOT}/MJRefresh/MJRefresh/MJRefresh.bundle",
				"${PODS_ROOT}/SVProgressHUD/SVProgressHUD/SVProgressHUD.bundle",
			);
			name = "[CP] Copy Pods Resources";
			outputFileListPaths = (
			);
			outputPaths = (
				"${TARGET_BUILD_DIR}/${UNLOCALIZED_RESOURCES_FOLDER_PATH}/MJRefresh.bundle",
				"${TARGET_BUILD_DIR}/${UNLOCALIZED_RESOURCES_FOLDER_PATH}/SVProgressHUD.bundle",
			);
			runOnlyForDeploymentPostprocessing = 0;
			shellPath = /bin/sh;
			shellScript = "\"${SRCROOT}/Pods/Target Support Files/Pods-ZK_OC_Tools/Pods-ZK_OC_Tools-resources.sh\"\n";
			showEnvVarsInLog = 0;
		};
		5212E9BDD12ACBA48B30A533 /* [CP] Check Pods Manifest.lock */ = {
			isa = PBXShellScriptBuildPhase;
			buildActionMask = 2147483647;
			files = (
			);
			inputFileListPaths = (
			);
			inputPaths = (
				"${PODS_PODFILE_DIR_PATH}/Podfile.lock",
				"${PODS_ROOT}/Manifest.lock",
			);
			name = "[CP] Check Pods Manifest.lock";
			outputFileListPaths = (
			);
			outputPaths = (
				"$(DERIVED_FILE_DIR)/Pods-ZK_OC_Tools-checkManifestLockResult.txt",
			);
			runOnlyForDeploymentPostprocessing = 0;
			shellPath = /bin/sh;
			shellScript = "diff \"${PODS_PODFILE_DIR_PATH}/Podfile.lock\" \"${PODS_ROOT}/Manifest.lock\" > /dev/null\nif [ $? != 0 ] ; then\n    # print error to STDERR\n    echo \"error: The sandbox is not in sync with the Podfile.lock. Run 'pod install' or update your CocoaPods installation.\" >&2\n    exit 1\nfi\n# This output is used by Xcode 'outputs' to avoid re-running this script phase.\necho \"SUCCESS\" > \"${SCRIPT_OUTPUT_FILE_0}\"\n";
			showEnvVarsInLog = 0;
		};
/* End PBXShellScriptBuildPhase section */

/* Begin PBXSourcesBuildPhase section */
		55CDD7B41EA5CA6700AABA86 /* Sources */ = {
			isa = PBXSourcesBuildPhase;
			buildActionMask = 2147483647;
			files = (
				55CDD7C31EA5CA6700AABA86 /* ViewController.m in Sources */,
				55CDD7C01EA5CA6700AABA86 /* AppDelegate.m in Sources */,
				55CDD7BD1EA5CA6700AABA86 /* main.m in Sources */,
			);
			runOnlyForDeploymentPostprocessing = 0;
		};
		55CDD7CD1EA5CA6800AABA86 /* Sources */ = {
			isa = PBXSourcesBuildPhase;
			buildActionMask = 2147483647;
			files = (
				55CDD7D61EA5CA6800AABA86 /* ZK_OC_ToolsTests.m in Sources */,
			);
			runOnlyForDeploymentPostprocessing = 0;
		};
		55CDD7D81EA5CA6800AABA86 /* Sources */ = {
			isa = PBXSourcesBuildPhase;
			buildActionMask = 2147483647;
			files = (
				55CDD7E11EA5CA6800AABA86 /* ZK_OC_ToolsUITests.m in Sources */,
			);
			runOnlyForDeploymentPostprocessing = 0;
		};
/* End PBXSourcesBuildPhase section */

/* Begin PBXTargetDependency section */
		55CDD7D31EA5CA6800AABA86 /* PBXTargetDependency */ = {
			isa = PBXTargetDependency;
			target = 55CDD7B71EA5CA6700AABA86 /* ZK_OC_Tools */;
			targetProxy = 55CDD7D21EA5CA6800AABA86 /* PBXContainerItemProxy */;
		};
		55CDD7DE1EA5CA6800AABA86 /* PBXTargetDependency */ = {
			isa = PBXTargetDependency;
			target = 55CDD7B71EA5CA6700AABA86 /* ZK_OC_Tools */;
			targetProxy = 55CDD7DD1EA5CA6800AABA86 /* PBXContainerItemProxy */;
		};
/* End PBXTargetDependency section */

/* Begin PBXVariantGroup section */
		55CDD7C41EA5CA6700AABA86 /* Main.storyboard */ = {
			isa = PBXVariantGroup;
			children = (
				55CDD7C51EA5CA6700AABA86 /* Base */,
			);
			name = Main.storyboard;
			sourceTree = "<group>";
		};
		55CDD7C91EA5CA6700AABA86 /* LaunchScreen.storyboard */ = {
			isa = PBXVariantGroup;
			children = (
				55CDD7CA1EA5CA6700AABA86 /* Base */,
			);
			name = LaunchScreen.storyboard;
			sourceTree = "<group>";
		};
/* End PBXVariantGroup section */

/* Begin XCBuildConfiguration section */
		55CDD7E31EA5CA6800AABA86 /* Debug */ = {
			isa = XCBuildConfiguration;
			buildSettings = {
				ALWAYS_SEARCH_USER_PATHS = NO;
				CLANG_ANALYZER_NONNULL = YES;
				CLANG_ANALYZER_NUMBER_OBJECT_CONVERSION = YES_AGGRESSIVE;
				CLANG_CXX_LANGUAGE_STANDARD = "gnu++0x";
				CLANG_CXX_LIBRARY = "libc++";
				CLANG_ENABLE_MODULES = YES;
				CLANG_ENABLE_OBJC_ARC = YES;
				CLANG_WARN_BOOL_CONVERSION = YES;
				CLANG_WARN_CONSTANT_CONVERSION = YES;
				CLANG_WARN_DIRECT_OBJC_ISA_USAGE = YES_ERROR;
				CLANG_WARN_DOCUMENTATION_COMMENTS = YES;
				CLANG_WARN_EMPTY_BODY = YES;
				CLANG_WARN_ENUM_CONVERSION = YES;
				CLANG_WARN_INFINITE_RECURSION = YES;
				CLANG_WARN_INT_CONVERSION = YES;
				CLANG_WARN_OBJC_ROOT_CLASS = YES_ERROR;
				CLANG_WARN_SUSPICIOUS_MOVE = YES;
				CLANG_WARN_UNREACHABLE_CODE = YES;
				CLANG_WARN__DUPLICATE_METHOD_MATCH = YES;
				"CODE_SIGN_IDENTITY[sdk=iphoneos*]" = "iPhone Developer";
				COPY_PHASE_STRIP = NO;
				DEBUG_INFORMATION_FORMAT = dwarf;
				ENABLE_STRICT_OBJC_MSGSEND = YES;
				ENABLE_TESTABILITY = YES;
				GCC_C_LANGUAGE_STANDARD = gnu99;
				GCC_DYNAMIC_NO_PIC = NO;
				GCC_NO_COMMON_BLOCKS = YES;
				GCC_OPTIMIZATION_LEVEL = 0;
				GCC_PREPROCESSOR_DEFINITIONS = (
					"DEBUG=1",
					"$(inherited)",
				);
				GCC_WARN_64_TO_32_BIT_CONVERSION = YES;
				GCC_WARN_ABOUT_RETURN_TYPE = YES_ERROR;
				GCC_WARN_UNDECLARED_SELECTOR = YES;
				GCC_WARN_UNINITIALIZED_AUTOS = YES_AGGRESSIVE;
				GCC_WARN_UNUSED_FUNCTION = YES;
				GCC_WARN_UNUSED_VARIABLE = YES;
				IPHONEOS_DEPLOYMENT_TARGET = 10.3;
				MTL_ENABLE_DEBUG_INFO = YES;
				ONLY_ACTIVE_ARCH = YES;
				SDKROOT = iphoneos;
				TARGETED_DEVICE_FAMILY = "1,2";
			};
			name = Debug;
		};
		55CDD7E41EA5CA6800AABA86 /* Release */ = {
			isa = XCBuildConfiguration;
			buildSettings = {
				ALWAYS_SEARCH_USER_PATHS = NO;
				CLANG_ANALYZER_NONNULL = YES;
				CLANG_ANALYZER_NUMBER_OBJECT_CONVERSION = YES_AGGRESSIVE;
				CLANG_CXX_LANGUAGE_STANDARD = "gnu++0x";
				CLANG_CXX_LIBRARY = "libc++";
				CLANG_ENABLE_MODULES = YES;
				CLANG_ENABLE_OBJC_ARC = YES;
				CLANG_WARN_BOOL_CONVERSION = YES;
				CLANG_WARN_CONSTANT_CONVERSION = YES;
				CLANG_WARN_DIRECT_OBJC_ISA_USAGE = YES_ERROR;
				CLANG_WARN_DOCUMENTATION_COMMENTS = YES;
				CLANG_WARN_EMPTY_BODY = YES;
				CLANG_WARN_ENUM_CONVERSION = YES;
				CLANG_WARN_INFINITE_RECURSION = YES;
				CLANG_WARN_INT_CONVERSION = YES;
				CLANG_WARN_OBJC_ROOT_CLASS = YES_ERROR;
				CLANG_WARN_SUSPICIOUS_MOVE = YES;
				CLANG_WARN_UNREACHABLE_CODE = YES;
				CLANG_WARN__DUPLICATE_METHOD_MATCH = YES;
				"CODE_SIGN_IDENTITY[sdk=iphoneos*]" = "iPhone Developer";
				COPY_PHASE_STRIP = NO;
				DEBUG_INFORMATION_FORMAT = "dwarf-with-dsym";
				ENABLE_NS_ASSERTIONS = NO;
				ENABLE_STRICT_OBJC_MSGSEND = YES;
				GCC_C_LANGUAGE_STANDARD = gnu99;
				GCC_NO_COMMON_BLOCKS = YES;
				GCC_WARN_64_TO_32_BIT_CONVERSION = YES;
				GCC_WARN_ABOUT_RETURN_TYPE = YES_ERROR;
				GCC_WARN_UNDECLARED_SELECTOR = YES;
				GCC_WARN_UNINITIALIZED_AUTOS = YES_AGGRESSIVE;
				GCC_WARN_UNUSED_FUNCTION = YES;
				GCC_WARN_UNUSED_VARIABLE = YES;
				IPHONEOS_DEPLOYMENT_TARGET = 10.3;
				MTL_ENABLE_DEBUG_INFO = NO;
				SDKROOT = iphoneos;
				TARGETED_DEVICE_FAMILY = "1,2";
				VALIDATE_PRODUCT = YES;
			};
			name = Release;
		};
		55CDD7E61EA5CA6800AABA86 /* Debug */ = {
			isa = XCBuildConfiguration;
			baseConfigurationReference = 1BE134E27F3273A11B9FA516 /* Pods-ZK_OC_Tools.debug.xcconfig */;
			buildSettings = {
				ASSETCATALOG_COMPILER_APPICON_NAME = AppIcon;
				DEVELOPMENT_TEAM = A64T8MWKMY;
				INFOPLIST_FILE = ZK_OC_Tools/Info.plist;
				IPHONEOS_DEPLOYMENT_TARGET = 11.0;
				LD_RUNPATH_SEARCH_PATHS = "$(inherited) @executable_path/Frameworks";
				PRODUCT_BUNDLE_IDENTIFIER = "--.ZK-OC-Tools";
				PRODUCT_NAME = "$(TARGET_NAME)";
			};
			name = Debug;
		};
		55CDD7E71EA5CA6800AABA86 /* Release */ = {
			isa = XCBuildConfiguration;
			baseConfigurationReference = 3CCBAC6DF713D16604905E3F /* Pods-ZK_OC_Tools.release.xcconfig */;
			buildSettings = {
				ASSETCATALOG_COMPILER_APPICON_NAME = AppIcon;
				DEVELOPMENT_TEAM = A64T8MWKMY;
				INFOPLIST_FILE = ZK_OC_Tools/Info.plist;
				IPHONEOS_DEPLOYMENT_TARGET = 11.0;
				LD_RUNPATH_SEARCH_PATHS = "$(inherited) @executable_path/Frameworks";
				PRODUCT_BUNDLE_IDENTIFIER = "--.ZK-OC-Tools";
				PRODUCT_NAME = "$(TARGET_NAME)";
			};
			name = Release;
		};
		55CDD7E91EA5CA6800AABA86 /* Debug */ = {
			isa = XCBuildConfiguration;
			buildSettings = {
				BUNDLE_LOADER = "$(TEST_HOST)";
				INFOPLIST_FILE = ZK_OC_ToolsTests/Info.plist;
				LD_RUNPATH_SEARCH_PATHS = "$(inherited) @executable_path/Frameworks @loader_path/Frameworks";
				PRODUCT_BUNDLE_IDENTIFIER = "--.ZK-OC-ToolsTests";
				PRODUCT_NAME = "$(TARGET_NAME)";
				TEST_HOST = "$(BUILT_PRODUCTS_DIR)/ZK_OC_Tools.app/ZK_OC_Tools";
			};
			name = Debug;
		};
		55CDD7EA1EA5CA6800AABA86 /* Release */ = {
			isa = XCBuildConfiguration;
			buildSettings = {
				BUNDLE_LOADER = "$(TEST_HOST)";
				INFOPLIST_FILE = ZK_OC_ToolsTests/Info.plist;
				LD_RUNPATH_SEARCH_PATHS = "$(inherited) @executable_path/Frameworks @loader_path/Frameworks";
				PRODUCT_BUNDLE_IDENTIFIER = "--.ZK-OC-ToolsTests";
				PRODUCT_NAME = "$(TARGET_NAME)";
				TEST_HOST = "$(BUILT_PRODUCTS_DIR)/ZK_OC_Tools.app/ZK_OC_Tools";
			};
			name = Release;
		};
		55CDD7EC1EA5CA6800AABA86 /* Debug */ = {
			isa = XCBuildConfiguration;
			buildSettings = {
				INFOPLIST_FILE = ZK_OC_ToolsUITests/Info.plist;
				LD_RUNPATH_SEARCH_PATHS = "$(inherited) @executable_path/Frameworks @loader_path/Frameworks";
				PRODUCT_BUNDLE_IDENTIFIER = "--.ZK-OC-ToolsUITests";
				PRODUCT_NAME = "$(TARGET_NAME)";
				TEST_TARGET_NAME = ZK_OC_Tools;
			};
			name = Debug;
		};
		55CDD7ED1EA5CA6800AABA86 /* Release */ = {
			isa = XCBuildConfiguration;
			buildSettings = {
				INFOPLIST_FILE = ZK_OC_ToolsUITests/Info.plist;
				LD_RUNPATH_SEARCH_PATHS = "$(inherited) @executable_path/Frameworks @loader_path/Frameworks";
				PRODUCT_BUNDLE_IDENTIFIER = "--.ZK-OC-ToolsUITests";
				PRODUCT_NAME = "$(TARGET_NAME)";
				TEST_TARGET_NAME = ZK_OC_Tools;
			};
			name = Release;
		};
/* End XCBuildConfiguration section */

/* Begin XCConfigurationList section */
		55CDD7B31EA5CA6700AABA86 /* Build configuration list for PBXProject "ZK_OC_Tools" */ = {
			isa = XCConfigurationList;
			buildConfigurations = (
				55CDD7E31EA5CA6800AABA86 /* Debug */,
				55CDD7E41EA5CA6800AABA86 /* Release */,
			);
			defaultConfigurationIsVisible = 0;
			defaultConfigurationName = Release;
		};
		55CDD7E51EA5CA6800AABA86 /* Build configuration list for PBXNativeTarget "ZK_OC_Tools" */ = {
			isa = XCConfigurationList;
			buildConfigurations = (
				55CDD7E61EA5CA6800AABA86 /* Debug */,
				55CDD7E71EA5CA6800AABA86 /* Release */,
			);
			defaultConfigurationIsVisible = 0;
			defaultConfigurationName = Release;
		};
		55CDD7E81EA5CA6800AABA86 /* Build configuration list for PBXNativeTarget "ZK_OC_ToolsTests" */ = {
			isa = XCConfigurationList;
			buildConfigurations = (
				55CDD7E91EA5CA6800AABA86 /* Debug */,
				55CDD7EA1EA5CA6800AABA86 /* Release */,
			);
			defaultConfigurationIsVisible = 0;
			defaultConfigurationName = Release;
		};
		55CDD7EB1EA5CA6800AABA86 /* Build configuration list for PBXNativeTarget "ZK_OC_ToolsUITests" */ = {
			isa = XCConfigurationList;
			buildConfigurations = (
				55CDD7EC1EA5CA6800AABA86 /* Debug */,
				55CDD7ED1EA5CA6800AABA86 /* Release */,
			);
			defaultConfigurationIsVisible = 0;
			defaultConfigurationName = Release;
		};
/* End XCConfigurationList section */
	};
	rootObject = 55CDD7B01EA5CA6700AABA86 /* Project object */;
}
